
Microsoft Visual Studio Solution File, Format Version 12.00
# Visual Studio Version 16
VisualStudioVersion = 16.0.30413.136
MinimumVisualStudioVersion = 10.0.40219.1
Project("{FAE04EC0-301F-11D3-BF4B-00C04F79EFBC}") = "StackNew", "StackNew\StackNew.csproj", "{049A1E11-940A-4810-8932-4347BCC066F4}"
EndProject
Global
	GlobalSection(SolutionConfigurationPlatforms) = preSolution
		Debug|Any CPU = Debug|Any CPU
		Release|Any CPU = Release|Any CPU
	EndGlobalSection
	GlobalSection(ProjectConfigurationPlatforms) = postSolution
		{049A1E11-940A-4810-8932-4347BCC066F4}.Debug|Any CPU.ActiveCfg = Debug|Any CPU
		{049A1E11-940A-4810-8932-4347BCC066F4}.Debug|Any CPU.Build.0 = Debug|Any CPU
		{049A1E11-940A-4810-8932-4347BCC066F4}.Release|Any CPU.ActiveCfg = Release|Any CPU
		{049A1E11-940A-4810-8932-4347BCC066F4}.Release|Any CPU.Build.0 = Release|Any CPU
	EndGlobalSection
	GlobalSection(SolutionProperties) = preSolution
		HideSolutionNode = FALSE
	EndGlobalSection
	GlobalSection(ExtensibilityGlobals) = postSolution
		SolutionGuid = {A5864E47-7477-4882-8782-218CBE581416}
	EndGlobalSection
EndGlobal
